
Microsoft Visual Studio Solution File, Format Version 12.00
# Visual Studio Version 16
VisualStudioVersion = 16.0.33130.400
MinimumVisualStudioVersion = 10.0.40219.1
Project("{FAE04EC0-301F-11D3-BF4B-00C04F79EFBC}") = "Database_System", "Database_System\Database_System.csproj", "{2DA2AC18-0AC2-43DA-BB57-3038EF08907F}"
EndProject
Global
	GlobalSection(SolutionConfigurationPlatforms) = preSolution
		Debug|Any CPU = Debug|Any CPU
		Release|Any CPU = Release|Any CPU
	EndGlobalSection
	GlobalSection(ProjectConfigurationPlatforms) = postSolution
		{2DA2AC18-0AC2-43DA-BB57-3038EF08907F}.Debug|Any CPU.ActiveCfg = Debug|Any CPU
		{2DA2AC18-0AC2-43DA-BB57-3038EF08907F}.Debug|Any CPU.Build.0 = Debug|Any CPU
		{2DA2AC18-0AC2-43DA-BB57-3038EF08907F}.Release|Any CPU.ActiveCfg = Release|Any CPU
		{2DA2AC18-0AC2-43DA-BB57-3038EF08907F}.Release|Any CPU.Build.0 = Release|Any CPU
	EndGlobalSection
	GlobalSection(SolutionProperties) = preSolution
		HideSolutionNode = FALSE
	EndGlobalSection
	GlobalSection(ExtensibilityGlobals) = postSolution
		SolutionGuid = {3F57036F-3E40-4BE2-8944-C73B58DA127F}
	EndGlobalSection
EndGlobal
